{
  "name": "ais-decoder-ts",
  "version": "1.1.6",
  "lockfileVersion": 1,
  "requires": true,
  "dependencies": {
    "@types/node": {
      "version": "9.6.42",
      "resolved": "https://npm.saildrone.com/@types%2fnode/-/node-9.6.42.tgz",
      "integrity": "sha512-SpeVQJFekfnEaZZO1yl4je/36upII36L7gOT4DBx51B1GeAB45mmDb3a5OBQB+ZeFxVVOP37r8Owsl940G/fBg==",
      "dev": true
    },
    "typescript": {
      "version": "2.9.2",
      "resolved": "https://npm.saildrone.com/typescript/-/typescript-2.9.2.tgz",
      "integrity": "sha512-Gr4p6nFNaoufRIY4NMdpQRNmgxVIGMs4Fcu/ujdYk3nAZqk7supzBE9idmvfZIlH/Cuj//dvi+019qEue9lV0w==",
      "dev": true
    }
  }
}
